{
  "version": 4,
  "terraform_version": "1.7.5",
  "serial": 31,
  "lineage": "14097c79-e92c-be59-1b82-389828b0a24c",
  "outputs": {},
  "resources": [
    {
      "mode": "managed",
      "type": "local_file",
      "name": "my_pet",
      "provider": "provider[\"registry.terraform.io/hashicorp/local\"]",
      "instances": [
        {
          "schema_version": 0,
          "attributes": {
            "content": "I lost my pet ",
            "content_base64": null,
            "content_base64sha256": "UOakAxvZILQdKueoalif7d5N2Q3CZlGwUyKKQkEobIg=",
            "content_base64sha512": "03bQ3lH9J+4c31erz8BISu4l1nDsJ9ZSTJ7JWtleJ2HLZ6hNxpWacsX5zQDOEoFqIcGJPzpvcpPsL7TUCbrIOw==",
            "content_md5": "b9278a5b67d207a140e12c2b3a477cc8",
            "content_sha1": "bde0f7b42817cac21f1bf135c83782dc13482a6a",
            "content_sha256": "50e6a4031bd920b41d2ae7a86a589fedde4dd90dc26651b053228a4241286c88",
            "content_sha512": "d376d0de51fd27ee1cdf57abcfc0484aee25d670ec27d6524c9ec95ad95e2761cb67a84dc6959a72c5f9cd00ce12816a21c1893f3a6f7293ec2fb4d409bac83b",
            "directory_permission": "0777",
            "file_permission": "0777",
            "filename": "pets.txt",
            "id": "bde0f7b42817cac21f1bf135c83782dc13482a6a",
            "sensitive_content": null,
            "source": null
          },
          "sensitive_attributes": []
        }
      ]
    },
    {
      "mode": "managed",
      "type": "random_pet",
      "name": "petname",
      "provider": "provider[\"registry.terraform.io/hashicorp/random\"]",
      "instances": [
        {
          "schema_version": 0,
          "attributes": {
            "id": "MR.mite",
            "keepers": null,
            "length": 1,
            "prefix": "MR",
            "separator": "."
          },
          "sensitive_attributes": []
        }
      ]
    }
  ],
  "check_results": null
}
